
Microsoft Visual Studio Solution File, Format Version 12.00
# Visual Studio Version 17
VisualStudioVersion = 17.8.34601.278
MinimumVisualStudioVersion = 10.0.40219.1
Project("{FAE04EC0-301F-11D3-BF4B-00C04F79EFBC}") = "SistemaDeAsistencia", "SistemaDeAsistencia\SistemaDeAsistencia.csproj", "{84F63D80-6B86-448A-8751-C401C7414329}"
EndProject
Global
	GlobalSection(SolutionConfigurationPlatforms) = preSolution
		Debug|Any CPU = Debug|Any CPU
		Release|Any CPU = Release|Any CPU
	EndGlobalSection
	GlobalSection(ProjectConfigurationPlatforms) = postSolution
		{84F63D80-6B86-448A-8751-C401C7414329}.Debug|Any CPU.ActiveCfg = Debug|Any CPU
		{84F63D80-6B86-448A-8751-C401C7414329}.Debug|Any CPU.Build.0 = Debug|Any CPU
		{84F63D80-6B86-448A-8751-C401C7414329}.Release|Any CPU.ActiveCfg = Release|Any CPU
		{84F63D80-6B86-448A-8751-C401C7414329}.Release|Any CPU.Build.0 = Release|Any CPU
	EndGlobalSection
	GlobalSection(SolutionProperties) = preSolution
		HideSolutionNode = FALSE
	EndGlobalSection
	GlobalSection(ExtensibilityGlobals) = postSolution
		SolutionGuid = {ED4EE38E-BD81-4E83-830B-124C86B1A823}
	EndGlobalSection
EndGlobal
